// !$*UTF8*$!
{
	archiveVersion = 1;
	classes = {
	};
	objectVersion = 50;
	objects = {

/* Begin PBXBuildFile section */
		110E7EA8260BB8A90051D0AE /* CurRatesApp.swift in Sources */ = {isa = PBXBuildFile; fileRef = 110E7EA7260BB8A90051D0AE /* CurRatesApp.swift */; };
		110E7EAA260BB8A90051D0AE /* CurRatesView.swift in Sources */ = {isa = PBXBuildFile; fileRef = 110E7EA9260BB8A90051D0AE /* CurRatesView.swift */; };
		110E7EAC260BB8AA0051D0AE /* Assets.xcassets in Resources */ = {isa = PBXBuildFile; fileRef = 110E7EAB260BB8AA0051D0AE /* Assets.xcassets */; };
		110E7EAF260BB8AA0051D0AE /* Preview Assets.xcassets in Resources */ = {isa = PBXBuildFile; fileRef = 110E7EAE260BB8AA0051D0AE /* Preview Assets.xcassets */; };
		110E7EC4260BC90E0051D0AE /* Currency.swift in Sources */ = {isa = PBXBuildFile; fileRef = 110E7EC3260BC90E0051D0AE /* Currency.swift */; };
		110E7EC8260BCABD0051D0AE /* Rate.swift in Sources */ = {isa = PBXBuildFile; fileRef = 110E7EC7260BCABC0051D0AE /* Rate.swift */; };
		110E7ECB260BCADE0051D0AE /* Currencies.swift in Sources */ = {isa = PBXBuildFile; fileRef = 110E7ECA260BCADE0051D0AE /* Currencies.swift */; };
		110E7EDE260C01FC0051D0AE /* CurrenciesViewModel.swift in Sources */ = {isa = PBXBuildFile; fileRef = 110E7EDD260C01FC0051D0AE /* CurrenciesViewModel.swift */; };
		114EEBA2263B46CB0060DDAF /* Agent.swift in Sources */ = {isa = PBXBuildFile; fileRef = 114EEBA1263B46CB0060DDAF /* Agent.swift */; };
		114EEBA3263B46CB0060DDAF /* Agent.swift in Sources */ = {isa = PBXBuildFile; fileRef = 114EEBA1263B46CB0060DDAF /* Agent.swift */; };
		114EEBB1263B49EE0060DDAF /* NetworkServiceHelper.swift in Sources */ = {isa = PBXBuildFile; fileRef = 114EEBB0263B49EE0060DDAF /* NetworkServiceHelper.swift */; };
		114EEBB2263B49EE0060DDAF /* NetworkServiceHelper.swift in Sources */ = {isa = PBXBuildFile; fileRef = 114EEBB0263B49EE0060DDAF /* NetworkServiceHelper.swift */; };
		1151ACF3261148950088C0DB /* CurRatesTests.swift in Sources */ = {isa = PBXBuildFile; fileRef = 1151ACF2261148950088C0DB /* CurRatesTests.swift */; };
		1151AD0926115A360088C0DB /* CurRatesUITests.swift in Sources */ = {isa = PBXBuildFile; fileRef = 1151AD0826115A360088C0DB /* CurRatesUITests.swift */; };
		117BB96A2611178200BA2B28 /* Constants.swift in Sources */ = {isa = PBXBuildFile; fileRef = 117BB9692611178200BA2B28 /* Constants.swift */; };
		117BB96B2611178200BA2B28 /* Constants.swift in Sources */ = {isa = PBXBuildFile; fileRef = 117BB9692611178200BA2B28 /* Constants.swift */; };
		117BB971261118CA00BA2B28 /* CurRatesWidgetView.swift in Sources */ = {isa = PBXBuildFile; fileRef = 117BB970261118CA00BA2B28 /* CurRatesWidgetView.swift */; };
		117BB972261118CA00BA2B28 /* CurRatesWidgetView.swift in Sources */ = {isa = PBXBuildFile; fileRef = 117BB970261118CA00BA2B28 /* CurRatesWidgetView.swift */; };
		117BB97626111A1A00BA2B28 /* ValueHeadingView.swift in Sources */ = {isa = PBXBuildFile; fileRef = 117BB97526111A1A00BA2B28 /* ValueHeadingView.swift */; };
		117BB97726111A1A00BA2B28 /* ValueHeadingView.swift in Sources */ = {isa = PBXBuildFile; fileRef = 117BB97526111A1A00BA2B28 /* ValueHeadingView.swift */; };
		117BB97B26111A4000BA2B28 /* ValueLineView.swift in Sources */ = {isa = PBXBuildFile; fileRef = 117BB97A26111A4000BA2B28 /* ValueLineView.swift */; };
		117BB97C26111A4000BA2B28 /* ValueLineView.swift in Sources */ = {isa = PBXBuildFile; fileRef = 117BB97A26111A4000BA2B28 /* ValueLineView.swift */; };
		11ADFEDB260E6F31006AC0AB /* SearchBarModifier.swift in Sources */ = {isa = PBXBuildFile; fileRef = 11ADFEDA260E6F31006AC0AB /* SearchBarModifier.swift */; };
		11ADFEE0260FB2E9006AC0AB /* SegmentedPickerView.swift in Sources */ = {isa = PBXBuildFile; fileRef = 11ADFEDF260FB2E9006AC0AB /* SegmentedPickerView.swift */; };
		11ADFEE3260FB852006AC0AB /* CurrencyCellView.swift in Sources */ = {isa = PBXBuildFile; fileRef = 11ADFEE2260FB852006AC0AB /* CurrencyCellView.swift */; };
		11ADFEEE260FC5C1006AC0AB /* CurrencyDetailsView.swift in Sources */ = {isa = PBXBuildFile; fileRef = 11ADFEED260FC5C1006AC0AB /* CurrencyDetailsView.swift */; };
		11ADFEFC260FFF50006AC0AB /* PreviewData.swift in Sources */ = {isa = PBXBuildFile; fileRef = 11ADFEFB260FFF50006AC0AB /* PreviewData.swift */; };
		11AF16FA263A0A9A008A9D1F /* RateItemView.swift in Sources */ = {isa = PBXBuildFile; fileRef = 11DC3A5D263A0901000F49D1 /* RateItemView.swift */; };
		11AF1704263A0B02008A9D1F /* Details.swift in Sources */ = {isa = PBXBuildFile; fileRef = 11DC3A52263A074D000F49D1 /* Details.swift */; };
		11AF1712263A1039008A9D1F /* NetworkService.swift in Sources */ = {isa = PBXBuildFile; fileRef = 11AF1711263A1039008A9D1F /* NetworkService.swift */; };
		11AF1713263A1039008A9D1F /* NetworkService.swift in Sources */ = {isa = PBXBuildFile; fileRef = 11AF1711263A1039008A9D1F /* NetworkService.swift */; };
		11B6F0432610D5720059ECA1 /* WidgetKit.framework in Frameworks */ = {isa = PBXBuildFile; fileRef = 11B6F0422610D5720059ECA1 /* WidgetKit.framework */; };
		11B6F0452610D5730059ECA1 /* SwiftUI.framework in Frameworks */ = {isa = PBXBuildFile; fileRef = 11B6F0442610D5720059ECA1 /* SwiftUI.framework */; };
		11B6F0482610D5730059ECA1 /* CurRatesWidget.swift in Sources */ = {isa = PBXBuildFile; fileRef = 11B6F0472610D5730059ECA1 /* CurRatesWidget.swift */; };
		11B6F04A2610D5730059ECA1 /* Assets.xcassets in Resources */ = {isa = PBXBuildFile; fileRef = 11B6F0492610D5730059ECA1 /* Assets.xcassets */; };
		11B6F04E2610D5730059ECA1 /* CurRatesWidgetExtension.appex in Embed App Extensions */ = {isa = PBXBuildFile; fileRef = 11B6F0402610D5720059ECA1 /* CurRatesWidgetExtension.appex */; settings = {ATTRIBUTES = (RemoveHeadersOnCopy, ); }; };
		11B6F0562610D5FF0059ECA1 /* CurRatesProvider.swift in Sources */ = {isa = PBXBuildFile; fileRef = 11B6F0552610D5FF0059ECA1 /* CurRatesProvider.swift */; };
		11B6F0592610D6090059ECA1 /* CurRatesProvider.swift in Sources */ = {isa = PBXBuildFile; fileRef = 11B6F0552610D5FF0059ECA1 /* CurRatesProvider.swift */; };
		11B6F06B2610DBAD0059ECA1 /* Currency.swift in Sources */ = {isa = PBXBuildFile; fileRef = 110E7EC3260BC90E0051D0AE /* Currency.swift */; };
		11B6F06C2610DBAD0059ECA1 /* Currencies.swift in Sources */ = {isa = PBXBuildFile; fileRef = 110E7ECA260BCADE0051D0AE /* Currencies.swift */; };
		11B6F06D2610DBAD0059ECA1 /* Rate.swift in Sources */ = {isa = PBXBuildFile; fileRef = 110E7EC7260BCABC0051D0AE /* Rate.swift */; };
		11B6F0712610DC060059ECA1 /* CurrencyViewModel.swift in Sources */ = {isa = PBXBuildFile; fileRef = 11BE5C86260D3BE6009A87D7 /* CurrencyViewModel.swift */; };
		11B6F0792610E5840059ECA1 /* PreviewData.swift in Sources */ = {isa = PBXBuildFile; fileRef = 11ADFEFB260FFF50006AC0AB /* PreviewData.swift */; };
		11BE5C84260D3BC1009A87D7 /* CurrencyListView.swift in Sources */ = {isa = PBXBuildFile; fileRef = 11BE5C83260D3BC1009A87D7 /* CurrencyListView.swift */; };
		11BE5C87260D3BE6009A87D7 /* CurrencyViewModel.swift in Sources */ = {isa = PBXBuildFile; fileRef = 11BE5C86260D3BE6009A87D7 /* CurrencyViewModel.swift */; };
		11BE5C96260E01E0009A87D7 /* SearchBar.swift in Sources */ = {isa = PBXBuildFile; fileRef = 11BE5C95260E01E0009A87D7 /* SearchBar.swift */; };
		11BE5C9A260E0394009A87D7 /* ViewControllerResolver.swift in Sources */ = {isa = PBXBuildFile; fileRef = 11BE5C99260E0394009A87D7 /* ViewControllerResolver.swift */; };
		11DC3A53263A074D000F49D1 /* Details.swift in Sources */ = {isa = PBXBuildFile; fileRef = 11DC3A52263A074D000F49D1 /* Details.swift */; };
		11DC3A5E263A0901000F49D1 /* RateItemView.swift in Sources */ = {isa = PBXBuildFile; fileRef = 11DC3A5D263A0901000F49D1 /* RateItemView.swift */; };
		11FC0D372610F63400A33835 /* MiniRatesView.swift in Sources */ = {isa = PBXBuildFile; fileRef = 11FC0D362610F63400A33835 /* MiniRatesView.swift */; };
		11FC0D3A2610F64C00A33835 /* MiniRatesView.swift in Sources */ = {isa = PBXBuildFile; fileRef = 11FC0D362610F63400A33835 /* MiniRatesView.swift */; };
		11FF7330263C73E50089FA8D /* Locale.swift in Sources */ = {isa = PBXBuildFile; fileRef = 11FF732F263C73E50089FA8D /* Locale.swift */; };
		11FF7331263C73E50089FA8D /* Locale.swift in Sources */ = {isa = PBXBuildFile; fileRef = 11FF732F263C73E50089FA8D /* Locale.swift */; };
/* End PBXBuildFile section */

/* Begin PBXContainerItemProxy section */
		1151ACF5261148950088C0DB /* PBXContainerItemProxy */ = {
			isa = PBXContainerItemProxy;
			containerPortal = 110E7E9C260BB8A90051D0AE /* Project object */;
			proxyType = 1;
			remoteGlobalIDString = 110E7EA3260BB8A90051D0AE;
			remoteInfo = CurRates;
		};
		1151AD0B26115A360088C0DB /* PBXContainerItemProxy */ = {
			isa = PBXContainerItemProxy;
			containerPortal = 110E7E9C260BB8A90051D0AE /* Project object */;
			proxyType = 1;
			remoteGlobalIDString = 110E7EA3260BB8A90051D0AE;
			remoteInfo = CurRates;
		};
		11B6F04C2610D5730059ECA1 /* PBXContainerItemProxy */ = {
			isa = PBXContainerItemProxy;
			containerPortal = 110E7E9C260BB8A90051D0AE /* Project object */;
			proxyType = 1;
			remoteGlobalIDString = 11B6F03F2610D5720059ECA1;
			remoteInfo = CurRatesWidgetExtension;
		};
/* End PBXContainerItemProxy section */

/* Begin PBXCopyFilesBuildPhase section */
		11B6F0522610D5730059ECA1 /* Embed App Extensions */ = {
			isa = PBXCopyFilesBuildPhase;
			buildActionMask = 2147483647;
			dstPath = "";
			dstSubfolderSpec = 13;
			files = (
				11B6F04E2610D5730059ECA1 /* CurRatesWidgetExtension.appex in Embed App Extensions */,
			);
			name = "Embed App Extensions";
			runOnlyForDeploymentPostprocessing = 0;
		};
/* End PBXCopyFilesBuildPhase section */

/* Begin PBXFileReference section */
		110E7EA4260BB8A90051D0AE /* CurRates.app */ = {isa = PBXFileReference; explicitFileType = wrapper.application; includeInIndex = 0; path = CurRates.app; sourceTree = BUILT_PRODUCTS_DIR; };
		110E7EA7260BB8A90051D0AE /* CurRatesApp.swift */ = {isa = PBXFileReference; lastKnownFileType = sourcecode.swift; path = CurRatesApp.swift; sourceTree = "<group>"; };
		110E7EA9260BB8A90051D0AE /* CurRatesView.swift */ = {isa = PBXFileReference; lastKnownFileType = sourcecode.swift; path = CurRatesView.swift; sourceTree = "<group>"; };
		110E7EAB260BB8AA0051D0AE /* Assets.xcassets */ = {isa = PBXFileReference; lastKnownFileType = folder.assetcatalog; path = Assets.xcassets; sourceTree = "<group>"; };
		110E7EAE260BB8AA0051D0AE /* Preview Assets.xcassets */ = {isa = PBXFileReference; lastKnownFileType = folder.assetcatalog; path = "Preview Assets.xcassets"; sourceTree = "<group>"; };
		110E7EB0260BB8AA0051D0AE /* Info.plist */ = {isa = PBXFileReference; lastKnownFileType = text.plist.xml; path = Info.plist; sourceTree = "<group>"; };
		110E7EC3260BC90E0051D0AE /* Currency.swift */ = {isa = PBXFileReference; lastKnownFileType = sourcecode.swift; path = Currency.swift; sourceTree = "<group>"; };
		110E7EC7260BCABC0051D0AE /* Rate.swift */ = {isa = PBXFileReference; lastKnownFileType = sourcecode.swift; path = Rate.swift; sourceTree = "<group>"; };
		110E7ECA260BCADE0051D0AE /* Currencies.swift */ = {isa = PBXFileReference; lastKnownFileType = sourcecode.swift; path = Currencies.swift; sourceTree = "<group>"; };
		110E7EDD260C01FC0051D0AE /* CurrenciesViewModel.swift */ = {isa = PBXFileReference; lastKnownFileType = sourcecode.swift; path = CurrenciesViewModel.swift; sourceTree = "<group>"; };
		114EEBA1263B46CB0060DDAF /* Agent.swift */ = {isa = PBXFileReference; lastKnownFileType = sourcecode.swift; path = Agent.swift; sourceTree = "<group>"; };
		114EEBB0263B49EE0060DDAF /* NetworkServiceHelper.swift */ = {isa = PBXFileReference; lastKnownFileType = sourcecode.swift; path = NetworkServiceHelper.swift; sourceTree = "<group>"; };
		1151ACF0261148950088C0DB /* CurRatesTests.xctest */ = {isa = PBXFileReference; explicitFileType = wrapper.cfbundle; includeInIndex = 0; path = CurRatesTests.xctest; sourceTree = BUILT_PRODUCTS_DIR; };
		1151ACF2261148950088C0DB /* CurRatesTests.swift */ = {isa = PBXFileReference; lastKnownFileType = sourcecode.swift; path = CurRatesTests.swift; sourceTree = "<group>"; };
		1151ACF4261148950088C0DB /* Info.plist */ = {isa = PBXFileReference; lastKnownFileType = text.plist.xml; path = Info.plist; sourceTree = "<group>"; };
		1151AD0626115A360088C0DB /* CurRatesUITests.xctest */ = {isa = PBXFileReference; explicitFileType = wrapper.cfbundle; includeInIndex = 0; path = CurRatesUITests.xctest; sourceTree = BUILT_PRODUCTS_DIR; };
		1151AD0826115A360088C0DB /* CurRatesUITests.swift */ = {isa = PBXFileReference; lastKnownFileType = sourcecode.swift; path = CurRatesUITests.swift; sourceTree = "<group>"; };
		1151AD0A26115A360088C0DB /* Info.plist */ = {isa = PBXFileReference; lastKnownFileType = text.plist.xml; path = Info.plist; sourceTree = "<group>"; };
		117BB9692611178200BA2B28 /* Constants.swift */ = {isa = PBXFileReference; lastKnownFileType = sourcecode.swift; path = Constants.swift; sourceTree = "<group>"; };
		117BB970261118CA00BA2B28 /* CurRatesWidgetView.swift */ = {isa = PBXFileReference; lastKnownFileType = sourcecode.swift; path = CurRatesWidgetView.swift; sourceTree = "<group>"; };
		117BB97526111A1A00BA2B28 /* ValueHeadingView.swift */ = {isa = PBXFileReference; lastKnownFileType = sourcecode.swift; path = ValueHeadingView.swift; sourceTree = "<group>"; };
		117BB97A26111A4000BA2B28 /* ValueLineView.swift */ = {isa = PBXFileReference; lastKnownFileType = sourcecode.swift; path = ValueLineView.swift; sourceTree = "<group>"; };
		11ADFEDA260E6F31006AC0AB /* SearchBarModifier.swift */ = {isa = PBXFileReference; lastKnownFileType = sourcecode.swift; path = SearchBarModifier.swift; sourceTree = "<group>"; };
		11ADFEDF260FB2E9006AC0AB /* SegmentedPickerView.swift */ = {isa = PBXFileReference; lastKnownFileType = sourcecode.swift; path = SegmentedPickerView.swift; sourceTree = "<group>"; };
		11ADFEE2260FB852006AC0AB /* CurrencyCellView.swift */ = {isa = PBXFileReference; lastKnownFileType = sourcecode.swift; path = CurrencyCellView.swift; sourceTree = "<group>"; };
		11ADFEED260FC5C1006AC0AB /* CurrencyDetailsView.swift */ = {isa = PBXFileReference; lastKnownFileType = sourcecode.swift; path = CurrencyDetailsView.swift; sourceTree = "<group>"; };
		11ADFEFB260FFF50006AC0AB /* PreviewData.swift */ = {isa = PBXFileReference; lastKnownFileType = sourcecode.swift; path = PreviewData.swift; sourceTree = "<group>"; };
		11AF1711263A1039008A9D1F /* NetworkService.swift */ = {isa = PBXFileReference; lastKnownFileType = sourcecode.swift; path = NetworkService.swift; sourceTree = "<group>"; };
		11B6F0402610D5720059ECA1 /* CurRatesWidgetExtension.appex */ = {isa = PBXFileReference; explicitFileType = "wrapper.app-extension"; includeInIndex = 0; path = CurRatesWidgetExtension.appex; sourceTree = BUILT_PRODUCTS_DIR; };
		11B6F0422610D5720059ECA1 /* WidgetKit.framework */ = {isa = PBXFileReference; lastKnownFileType = wrapper.framework; name = WidgetKit.framework; path = System/Library/Frameworks/WidgetKit.framework; sourceTree = SDKROOT; };
		11B6F0442610D5720059ECA1 /* SwiftUI.framework */ = {isa = PBXFileReference; lastKnownFileType = wrapper.framework; name = SwiftUI.framework; path = System/Library/Frameworks/SwiftUI.framework; sourceTree = SDKROOT; };
		11B6F0472610D5730059ECA1 /* CurRatesWidget.swift */ = {isa = PBXFileReference; lastKnownFileType = sourcecode.swift; path = CurRatesWidget.swift; sourceTree = "<group>"; };
		11B6F0492610D5730059ECA1 /* Assets.xcassets */ = {isa = PBXFileReference; lastKnownFileType = folder.assetcatalog; path = Assets.xcassets; sourceTree = "<group>"; };
		11B6F04B2610D5730059ECA1 /* Info.plist */ = {isa = PBXFileReference; lastKnownFileType = text.plist.xml; path = Info.plist; sourceTree = "<group>"; };
		11B6F0552610D5FF0059ECA1 /* CurRatesProvider.swift */ = {isa = PBXFileReference; lastKnownFileType = sourcecode.swift; path = CurRatesProvider.swift; sourceTree = "<group>"; };
		11B6F05C2610D68D0059ECA1 /* CurRates.entitlements */ = {isa = PBXFileReference; lastKnownFileType = text.plist.entitlements; path = CurRates.entitlements; sourceTree = "<group>"; };
		11B6F05F2610D7280059ECA1 /* CurRatesWidgetExtension.entitlements */ = {isa = PBXFileReference; lastKnownFileType = text.plist.entitlements; path = CurRatesWidgetExtension.entitlements; sourceTree = "<group>"; };
		11BE5C83260D3BC1009A87D7 /* CurrencyListView.swift */ = {isa = PBXFileReference; lastKnownFileType = sourcecode.swift; path = CurrencyListView.swift; sourceTree = "<group>"; };
		11BE5C86260D3BE6009A87D7 /* CurrencyViewModel.swift */ = {isa = PBXFileReference; lastKnownFileType = sourcecode.swift; path = CurrencyViewModel.swift; sourceTree = "<group>"; };
		11BE5C95260E01E0009A87D7 /* SearchBar.swift */ = {isa = PBXFileReference; lastKnownFileType = sourcecode.swift; path = SearchBar.swift; sourceTree = "<group>"; };
		11BE5C99260E0394009A87D7 /* ViewControllerResolver.swift */ = {isa = PBXFileReference; lastKnownFileType = sourcecode.swift; path = ViewControllerResolver.swift; sourceTree = "<group>"; };
		11DC3A52263A074D000F49D1 /* Details.swift */ = {isa = PBXFileReference; lastKnownFileType = sourcecode.swift; path = Details.swift; sourceTree = "<group>"; };
		11DC3A5D263A0901000F49D1 /* RateItemView.swift */ = {isa = PBXFileReference; lastKnownFileType = sourcecode.swift; path = RateItemView.swift; sourceTree = "<group>"; };
		11FC0D362610F63400A33835 /* MiniRatesView.swift */ = {isa = PBXFileReference; lastKnownFileType = sourcecode.swift; path = MiniRatesView.swift; sourceTree = "<group>"; };
		11FF732F263C73E50089FA8D /* Locale.swift */ = {isa = PBXFileReference; lastKnownFileType = sourcecode.swift; path = Locale.swift; sourceTree = "<group>"; };
/* End PBXFileReference section */

/* Begin PBXFrameworksBuildPhase section */
		110E7EA1260BB8A90051D0AE /* Frameworks */ = {
			isa = PBXFrameworksBuildPhase;
			buildActionMask = 2147483647;
			files = (
			);
			runOnlyForDeploymentPostprocessing = 0;
		};
		1151ACED261148950088C0DB /* Frameworks */ = {
			isa = PBXFrameworksBuildPhase;
			buildActionMask = 2147483647;
			files = (
			);
			runOnlyForDeploymentPostprocessing = 0;
		};
		1151AD0326115A360088C0DB /* Frameworks */ = {
			isa = PBXFrameworksBuildPhase;
			buildActionMask = 2147483647;
			files = (
			);
			runOnlyForDeploymentPostprocessing = 0;
		};
		11B6F03D2610D5720059ECA1 /* Frameworks */ = {
			isa = PBXFrameworksBuildPhase;
			buildActionMask = 2147483647;
			files = (
				11B6F0452610D5730059ECA1 /* SwiftUI.framework in Frameworks */,
				11B6F0432610D5720059ECA1 /* WidgetKit.framework in Frameworks */,
			);
			runOnlyForDeploymentPostprocessing = 0;
		};
/* End PBXFrameworksBuildPhase section */

/* Begin PBXGroup section */
		110E7E9B260BB8A90051D0AE = {
			isa = PBXGroup;
			children = (
				11B6F0622610DACA0059ECA1 /* Shared */,
				11B6F05F2610D7280059ECA1 /* CurRatesWidgetExtension.entitlements */,
				110E7EA6260BB8A90051D0AE /* CurRates */,
				11B6F0462610D5730059ECA1 /* CurRatesWidget */,
				1151ACF1261148950088C0DB /* CurRatesTests */,
				1151AD0726115A360088C0DB /* CurRatesUITests */,
				11B6F0412610D5720059ECA1 /* Frameworks */,
				110E7EA5260BB8A90051D0AE /* Products */,
			);
			sourceTree = "<group>";
		};
		110E7EA5260BB8A90051D0AE /* Products */ = {
			isa = PBXGroup;
			children = (
				110E7EA4260BB8A90051D0AE /* CurRates.app */,
				11B6F0402610D5720059ECA1 /* CurRatesWidgetExtension.appex */,
				1151ACF0261148950088C0DB /* CurRatesTests.xctest */,
				1151AD0626115A360088C0DB /* CurRatesUITests.xctest */,
			);
			name = Products;
			sourceTree = "<group>";
		};
		110E7EA6260BB8A90051D0AE /* CurRates */ = {
			isa = PBXGroup;
			children = (
				11B6F05C2610D68D0059ECA1 /* CurRates.entitlements */,
				11ADFED9260E6F19006AC0AB /* Modifiers */,
				11BE5C98260E0383009A87D7 /* Utils */,
				110E7EDB260C01DC0051D0AE /* ViewModels */,
				110E7EDC260C01E50051D0AE /* Views */,
				110E7EA7260BB8A90051D0AE /* CurRatesApp.swift */,
				110E7EAB260BB8AA0051D0AE /* Assets.xcassets */,
				110E7EB0260BB8AA0051D0AE /* Info.plist */,
				110E7EAD260BB8AA0051D0AE /* Preview Content */,
			);
			path = CurRates;
			sourceTree = "<group>";
		};
		110E7EAD260BB8AA0051D0AE /* Preview Content */ = {
			isa = PBXGroup;
			children = (
				110E7EAE260BB8AA0051D0AE /* Preview Assets.xcassets */,
			);
			path = "Preview Content";
			sourceTree = "<group>";
		};
		110E7EB9260BBBDC0051D0AE /* Services */ = {
			isa = PBXGroup;
			children = (
				11AF1711263A1039008A9D1F /* NetworkService.swift */,
				114EEBB0263B49EE0060DDAF /* NetworkServiceHelper.swift */,
			);
			path = Services;
			sourceTree = "<group>";
		};
		110E7EC2260BC8E40051D0AE /* Models */ = {
			isa = PBXGroup;
			children = (
				11DC3A52263A074D000F49D1 /* Details.swift */,
				110E7ECA260BCADE0051D0AE /* Currencies.swift */,
				110E7EC3260BC90E0051D0AE /* Currency.swift */,
				110E7EC7260BCABC0051D0AE /* Rate.swift */,
			);
			path = Models;
			sourceTree = "<group>";
		};
		110E7EDB260C01DC0051D0AE /* ViewModels */ = {
			isa = PBXGroup;
			children = (
				110E7EDD260C01FC0051D0AE /* CurrenciesViewModel.swift */,
				11BE5C95260E01E0009A87D7 /* SearchBar.swift */,
			);
			path = ViewModels;
			sourceTree = "<group>";
		};
		110E7EDC260C01E50051D0AE /* Views */ = {
			isa = PBXGroup;
			children = (
				110E7EA9260BB8A90051D0AE /* CurRatesView.swift */,
				11BE5C83260D3BC1009A87D7 /* CurrencyListView.swift */,
				11ADFEDF260FB2E9006AC0AB /* SegmentedPickerView.swift */,
				11ADFEE2260FB852006AC0AB /* CurrencyCellView.swift */,
				11ADFEED260FC5C1006AC0AB /* CurrencyDetailsView.swift */,
				117BB97526111A1A00BA2B28 /* ValueHeadingView.swift */,
				117BB97A26111A4000BA2B28 /* ValueLineView.swift */,
			);
			path = Views;
			sourceTree = "<group>";
		};
		1151ACF1261148950088C0DB /* CurRatesTests */ = {
			isa = PBXGroup;
			children = (
				1151ACF2261148950088C0DB /* CurRatesTests.swift */,
				1151ACF4261148950088C0DB /* Info.plist */,
			);
			path = CurRatesTests;
			sourceTree = "<group>";
		};
		1151AD0726115A360088C0DB /* CurRatesUITests */ = {
			isa = PBXGroup;
			children = (
				1151AD0826115A360088C0DB /* CurRatesUITests.swift */,
				1151AD0A26115A360088C0DB /* Info.plist */,
			);
			path = CurRatesUITests;
			sourceTree = "<group>";
		};
		117BB9682611176F00BA2B28 /* Utils */ = {
			isa = PBXGroup;
			children = (
				11ADFEFB260FFF50006AC0AB /* PreviewData.swift */,
				117BB9692611178200BA2B28 /* Constants.swift */,
				114EEBA1263B46CB0060DDAF /* Agent.swift */,
				11FF732F263C73E50089FA8D /* Locale.swift */,
			);
			path = Utils;
			sourceTree = "<group>";
		};
		11ADFED9260E6F19006AC0AB /* Modifiers */ = {
			isa = PBXGroup;
			children = (
				11ADFEDA260E6F31006AC0AB /* SearchBarModifier.swift */,
			);
			path = Modifiers;
			sourceTree = "<group>";
		};
		11B6F0412610D5720059ECA1 /* Frameworks */ = {
			isa = PBXGroup;
			children = (
				11B6F0422610D5720059ECA1 /* WidgetKit.framework */,
				11B6F0442610D5720059ECA1 /* SwiftUI.framework */,
			);
			name = Frameworks;
			sourceTree = "<group>";
		};
		11B6F0462610D5730059ECA1 /* CurRatesWidget */ = {
			isa = PBXGroup;
			children = (
				117BB970261118CA00BA2B28 /* CurRatesWidgetView.swift */,
				11B6F0552610D5FF0059ECA1 /* CurRatesProvider.swift */,
				11B6F0472610D5730059ECA1 /* CurRatesWidget.swift */,
				11B6F0492610D5730059ECA1 /* Assets.xcassets */,
				11B6F04B2610D5730059ECA1 /* Info.plist */,
			);
			path = CurRatesWidget;
			sourceTree = "<group>";
		};
		11B6F0622610DACA0059ECA1 /* Shared */ = {
			isa = PBXGroup;
			children = (
				117BB9682611176F00BA2B28 /* Utils */,
				11FC0D352610F61C00A33835 /* Views */,
				11B6F0702610DBEC0059ECA1 /* ViewModels */,
				110E7EC2260BC8E40051D0AE /* Models */,
				110E7EB9260BBBDC0051D0AE /* Services */,
			);
			path = Shared;
			sourceTree = "<group>";
		};
		11B6F0702610DBEC0059ECA1 /* ViewModels */ = {
			isa = PBXGroup;
			children = (
				11BE5C86260D3BE6009A87D7 /* CurrencyViewModel.swift */,
			);
			path = ViewModels;
			sourceTree = "<group>";
		};
		11BE5C98260E0383009A87D7 /* Utils */ = {
			isa = PBXGroup;
			children = (
				11BE5C99260E0394009A87D7 /* ViewControllerResolver.swift */,
			);
			path = Utils;
			sourceTree = "<group>";
		};
		11FC0D352610F61C00A33835 /* Views */ = {
			isa = PBXGroup;
			children = (
				11FC0D362610F63400A33835 /* MiniRatesView.swift */,
				11DC3A5D263A0901000F49D1 /* RateItemView.swift */,
			);
			path = Views;
			sourceTree = "<group>";
		};
/* End PBXGroup section */

/* Begin PBXNativeTarget section */
		110E7EA3260BB8A90051D0AE /* CurRates */ = {
			isa = PBXNativeTarget;
			buildConfigurationList = 110E7EB3260BB8AA0051D0AE /* Build configuration list for PBXNativeTarget "CurRates" */;
			buildPhases = (
				110E7EA0260BB8A90051D0AE /* Sources */,
				110E7EA1260BB8A90051D0AE /* Frameworks */,
				110E7EA2260BB8A90051D0AE /* Resources */,
				11B6F0522610D5730059ECA1 /* Embed App Extensions */,
			);
			buildRules = (
			);
			dependencies = (
				11B6F04D2610D5730059ECA1 /* PBXTargetDependency */,
			);
			name = CurRates;
			productName = CurRates;
			productReference = 110E7EA4260BB8A90051D0AE /* CurRates.app */;
			productType = "com.apple.product-type.application";
		};
		1151ACEF261148950088C0DB /* CurRatesTests */ = {
			isa = PBXNativeTarget;
			buildConfigurationList = 1151ACF9261148950088C0DB /* Build configuration list for PBXNativeTarget "CurRatesTests" */;
			buildPhases = (
				1151ACEC261148950088C0DB /* Sources */,
				1151ACED261148950088C0DB /* Frameworks */,
				1151ACEE261148950088C0DB /* Resources */,
			);
			buildRules = (
			);
			dependencies = (
				1151ACF6261148950088C0DB /* PBXTargetDependency */,
			);
			name = CurRatesTests;
			productName = CurRatesTests;
			productReference = 1151ACF0261148950088C0DB /* CurRatesTests.xctest */;
			productType = "com.apple.product-type.bundle.unit-test";
		};
		1151AD0526115A360088C0DB /* CurRatesUITests */ = {
			isa = PBXNativeTarget;
			buildConfigurationList = 1151AD0F26115A360088C0DB /* Build configuration list for PBXNativeTarget "CurRatesUITests" */;
			buildPhases = (
				1151AD0226115A360088C0DB /* Sources */,
				1151AD0326115A360088C0DB /* Frameworks */,
				1151AD0426115A360088C0DB /* Resources */,
			);
			buildRules = (
			);
			dependencies = (
				1151AD0C26115A360088C0DB /* PBXTargetDependency */,
			);
			name = CurRatesUITests;
			productName = CurRatesUITests;
			productReference = 1151AD0626115A360088C0DB /* CurRatesUITests.xctest */;
			productType = "com.apple.product-type.bundle.ui-testing";
		};
		11B6F03F2610D5720059ECA1 /* CurRatesWidgetExtension */ = {
			isa = PBXNativeTarget;
			buildConfigurationList = 11B6F04F2610D5730059ECA1 /* Build configuration list for PBXNativeTarget "CurRatesWidgetExtension" */;
			buildPhases = (
				11B6F03C2610D5720059ECA1 /* Sources */,
				11B6F03D2610D5720059ECA1 /* Frameworks */,
				11B6F03E2610D5720059ECA1 /* Resources */,
			);
			buildRules = (
			);
			dependencies = (
			);
			name = CurRatesWidgetExtension;
			productName = CurRatesWidgetExtension;
			productReference = 11B6F0402610D5720059ECA1 /* CurRatesWidgetExtension.appex */;
			productType = "com.apple.product-type.app-extension";
		};
/* End PBXNativeTarget section */

/* Begin PBXProject section */
		110E7E9C260BB8A90051D0AE /* Project object */ = {
			isa = PBXProject;
			attributes = {
				LastSwiftUpdateCheck = 1240;
				LastUpgradeCheck = 1240;
				TargetAttributes = {
					110E7EA3260BB8A90051D0AE = {
						CreatedOnToolsVersion = 12.4;
					};
					1151ACEF261148950088C0DB = {
						CreatedOnToolsVersion = 12.4;
						TestTargetID = 110E7EA3260BB8A90051D0AE;
					};
					1151AD0526115A360088C0DB = {
						CreatedOnToolsVersion = 12.4;
						TestTargetID = 110E7EA3260BB8A90051D0AE;
					};
					11B6F03F2610D5720059ECA1 = {
						CreatedOnToolsVersion = 12.4;
					};
				};
			};
			buildConfigurationList = 110E7E9F260BB8A90051D0AE /* Build configuration list for PBXProject "CurRates" */;
			compatibilityVersion = "Xcode 9.3";
			developmentRegion = en;
			hasScannedForEncodings = 0;
			knownRegions = (
				en,
				Base,
			);
			mainGroup = 110E7E9B260BB8A90051D0AE;
			productRefGroup = 110E7EA5260BB8A90051D0AE /* Products */;
			projectDirPath = "";
			projectRoot = "";
			targets = (
				110E7EA3260BB8A90051D0AE /* CurRates */,
				11B6F03F2610D5720059ECA1 /* CurRatesWidgetExtension */,
				1151ACEF261148950088C0DB /* CurRatesTests */,
				1151AD0526115A360088C0DB /* CurRatesUITests */,
			);
		};
/* End PBXProject section */

/* Begin PBXResourcesBuildPhase section */
		110E7EA2260BB8A90051D0AE /* Resources */ = {
			isa = PBXResourcesBuildPhase;
			buildActionMask = 2147483647;
			files = (
				110E7EAF260BB8AA0051D0AE /* Preview Assets.xcassets in Resources */,
				110E7EAC260BB8AA0051D0AE /* Assets.xcassets in Resources */,
			);
			runOnlyForDeploymentPostprocessing = 0;
		};
		1151ACEE261148950088C0DB /* Resources */ = {
			isa = PBXResourcesBuildPhase;
			buildActionMask = 2147483647;
			files = (
			);
			runOnlyForDeploymentPostprocessing = 0;
		};
		1151AD0426115A360088C0DB /* Resources */ = {
			isa = PBXResourcesBuildPhase;
			buildActionMask = 2147483647;
			files = (
			);
			runOnlyForDeploymentPostprocessing = 0;
		};
		11B6F03E2610D5720059ECA1 /* Resources */ = {
			isa = PBXResourcesBuildPhase;
			buildActionMask = 2147483647;
			files = (
				11B6F04A2610D5730059ECA1 /* Assets.xcassets in Resources */,
			);
			runOnlyForDeploymentPostprocessing = 0;
		};
/* End PBXResourcesBuildPhase section */

/* Begin PBXSourcesBuildPhase section */
		110E7EA0260BB8A90051D0AE /* Sources */ = {
			isa = PBXSourcesBuildPhase;
			buildActionMask = 2147483647;
			files = (
				11BE5C9A260E0394009A87D7 /* ViewControllerResolver.swift in Sources */,
				11B6F0562610D5FF0059ECA1 /* CurRatesProvider.swift in Sources */,
				110E7EAA260BB8A90051D0AE /* CurRatesView.swift in Sources */,
				11FC0D372610F63400A33835 /* MiniRatesView.swift in Sources */,
				11ADFEE0260FB2E9006AC0AB /* SegmentedPickerView.swift in Sources */,
				11AF1712263A1039008A9D1F /* NetworkService.swift in Sources */,
				117BB971261118CA00BA2B28 /* CurRatesWidgetView.swift in Sources */,
				11BE5C87260D3BE6009A87D7 /* CurrencyViewModel.swift in Sources */,
				110E7ECB260BCADE0051D0AE /* Currencies.swift in Sources */,
				110E7EC4260BC90E0051D0AE /* Currency.swift in Sources */,
				110E7EDE260C01FC0051D0AE /* CurrenciesViewModel.swift in Sources */,
				117BB96A2611178200BA2B28 /* Constants.swift in Sources */,
				117BB97626111A1A00BA2B28 /* ValueHeadingView.swift in Sources */,
				11ADFEE3260FB852006AC0AB /* CurrencyCellView.swift in Sources */,
				11ADFEDB260E6F31006AC0AB /* SearchBarModifier.swift in Sources */,
				11DC3A53263A074D000F49D1 /* Details.swift in Sources */,
				114EEBA2263B46CB0060DDAF /* Agent.swift in Sources */,
				11BE5C96260E01E0009A87D7 /* SearchBar.swift in Sources */,
				11DC3A5E263A0901000F49D1 /* RateItemView.swift in Sources */,
				110E7EC8260BCABD0051D0AE /* Rate.swift in Sources */,
				11FF7330263C73E50089FA8D /* Locale.swift in Sources */,
				11BE5C84260D3BC1009A87D7 /* CurrencyListView.swift in Sources */,
				11ADFEFC260FFF50006AC0AB /* PreviewData.swift in Sources */,
				117BB97B26111A4000BA2B28 /* ValueLineView.swift in Sources */,
				110E7EA8260BB8A90051D0AE /* CurRatesApp.swift in Sources */,
				114EEBB1263B49EE0060DDAF /* NetworkServiceHelper.swift in Sources */,
				11ADFEEE260FC5C1006AC0AB /* CurrencyDetailsView.swift in Sources */,
			);
			runOnlyForDeploymentPostprocessing = 0;
		};
		1151ACEC261148950088C0DB /* Sources */ = {
			isa = PBXSourcesBuildPhase;
			buildActionMask = 2147483647;
			files = (
				1151ACF3261148950088C0DB /* CurRatesTests.swift in Sources */,
			);
			runOnlyForDeploymentPostprocessing = 0;
		};
		1151AD0226115A360088C0DB /* Sources */ = {
			isa = PBXSourcesBuildPhase;
			buildActionMask = 2147483647;
			files = (
				1151AD0926115A360088C0DB /* CurRatesUITests.swift in Sources */,
			);
			runOnlyForDeploymentPostprocessing = 0;
		};
		11B6F03C2610D5720059ECA1 /* Sources */ = {
			isa = PBXSourcesBuildPhase;
			buildActionMask = 2147483647;
			files = (
				11AF1713263A1039008A9D1F /* NetworkService.swift in Sources */,
				117BB96B2611178200BA2B28 /* Constants.swift in Sources */,
				11B6F06C2610DBAD0059ECA1 /* Currencies.swift in Sources */,
				11B6F0712610DC060059ECA1 /* CurrencyViewModel.swift in Sources */,
				11AF16FA263A0A9A008A9D1F /* RateItemView.swift in Sources */,
				114EEBA3263B46CB0060DDAF /* Agent.swift in Sources */,
				11FC0D3A2610F64C00A33835 /* MiniRatesView.swift in Sources */,
				11B6F0482610D5730059ECA1 /* CurRatesWidget.swift in Sources */,
				11B6F06B2610DBAD0059ECA1 /* Currency.swift in Sources */,
				11B6F0792610E5840059ECA1 /* PreviewData.swift in Sources */,
				117BB97C26111A4000BA2B28 /* ValueLineView.swift in Sources */,
				11FF7331263C73E50089FA8D /* Locale.swift in Sources */,
				114EEBB2263B49EE0060DDAF /* NetworkServiceHelper.swift in Sources */,
				11B6F06D2610DBAD0059ECA1 /* Rate.swift in Sources */,
				11B6F0592610D6090059ECA1 /* CurRatesProvider.swift in Sources */,
				117BB972261118CA00BA2B28 /* CurRatesWidgetView.swift in Sources */,
				11AF1704263A0B02008A9D1F /* Details.swift in Sources */,
				117BB97726111A1A00BA2B28 /* ValueHeadingView.swift in Sources */,
			);
			runOnlyForDeploymentPostprocessing = 0;
		};
/* End PBXSourcesBuildPhase section */

/* Begin PBXTargetDependency section */
		1151ACF6261148950088C0DB /* PBXTargetDependency */ = {
			isa = PBXTargetDependency;
			target = 110E7EA3260BB8A90051D0AE /* CurRates */;
			targetProxy = 1151ACF5261148950088C0DB /* PBXContainerItemProxy */;
		};
		1151AD0C26115A360088C0DB /* PBXTargetDependency */ = {
			isa = PBXTargetDependency;
			target = 110E7EA3260BB8A90051D0AE /* CurRates */;
			targetProxy = 1151AD0B26115A360088C0DB /* PBXContainerItemProxy */;
		};
		11B6F04D2610D5730059ECA1 /* PBXTargetDependency */ = {
			isa = PBXTargetDependency;
			target = 11B6F03F2610D5720059ECA1 /* CurRatesWidgetExtension */;
			targetProxy = 11B6F04C2610D5730059ECA1 /* PBXContainerItemProxy */;
		};
/* End PBXTargetDependency section */

/* Begin XCBuildConfiguration section */
		110E7EB1260BB8AA0051D0AE /* Debug */ = {
			isa = XCBuildConfiguration;
			buildSettings = {
				ALWAYS_SEARCH_USER_PATHS = NO;
				CLANG_ANALYZER_NONNULL = YES;
				CLANG_ANALYZER_NUMBER_OBJECT_CONVERSION = YES_AGGRESSIVE;
				CLANG_CXX_LANGUAGE_STANDARD = "gnu++14";
				CLANG_CXX_LIBRARY = "libc++";
				CLANG_ENABLE_MODULES = YES;
				CLANG_ENABLE_OBJC_ARC = YES;
				CLANG_ENABLE_OBJC_WEAK = YES;
				CLANG_WARN_BLOCK_CAPTURE_AUTORELEASING = YES;
				CLANG_WARN_BOOL_CONVERSION = YES;
				CLANG_WARN_COMMA = YES;
				CLANG_WARN_CONSTANT_CONVERSION = YES;
				CLANG_WARN_DEPRECATED_OBJC_IMPLEMENTATIONS = YES;
				CLANG_WARN_DIRECT_OBJC_ISA_USAGE = YES_ERROR;
				CLANG_WARN_DOCUMENTATION_COMMENTS = YES;
				CLANG_WARN_EMPTY_BODY = YES;
				CLANG_WARN_ENUM_CONVERSION = YES;
				CLANG_WARN_INFINITE_RECURSION = YES;
				CLANG_WARN_INT_CONVERSION = YES;
				CLANG_WARN_NON_LITERAL_NULL_CONVERSION = YES;
				CLANG_WARN_OBJC_IMPLICIT_RETAIN_SELF = YES;
				CLANG_WARN_OBJC_LITERAL_CONVERSION = YES;
				CLANG_WARN_OBJC_ROOT_CLASS = YES_ERROR;
				CLANG_WARN_QUOTED_INCLUDE_IN_FRAMEWORK_HEADER = YES;
				CLANG_WARN_RANGE_LOOP_ANALYSIS = YES;
				CLANG_WARN_STRICT_PROTOTYPES = YES;
				CLANG_WARN_SUSPICIOUS_MOVE = YES;
				CLANG_WARN_UNGUARDED_AVAILABILITY = YES_AGGRESSIVE;
				CLANG_WARN_UNREACHABLE_CODE = YES;
				CLANG_WARN__DUPLICATE_METHOD_MATCH = YES;
				COPY_PHASE_STRIP = NO;
				DEBUG_INFORMATION_FORMAT = dwarf;
				ENABLE_STRICT_OBJC_MSGSEND = YES;
				ENABLE_TESTABILITY = YES;
				GCC_C_LANGUAGE_STANDARD = gnu11;
				GCC_DYNAMIC_NO_PIC = NO;
				GCC_NO_COMMON_BLOCKS = YES;
				GCC_OPTIMIZATION_LEVEL = 0;
				GCC_PREPROCESSOR_DEFINITIONS = (
					"DEBUG=1",
					"$(inherited)",
				);
				GCC_WARN_64_TO_32_BIT_CONVERSION = YES;
				GCC_WARN_ABOUT_RETURN_TYPE = YES_ERROR;
				GCC_WARN_UNDECLARED_SELECTOR = YES;
				GCC_WARN_UNINITIALIZED_AUTOS = YES_AGGRESSIVE;
				GCC_WARN_UNUSED_FUNCTION = YES;
				GCC_WARN_UNUSED_VARIABLE = YES;
				IPHONEOS_DEPLOYMENT_TARGET = 14.4;
				MTL_ENABLE_DEBUG_INFO = INCLUDE_SOURCE;
				MTL_FAST_MATH = YES;
				ONLY_ACTIVE_ARCH = YES;
				SDKROOT = iphoneos;
				SWIFT_ACTIVE_COMPILATION_CONDITIONS = DEBUG;
				SWIFT_OPTIMIZATION_LEVEL = "-Onone";
			};
			name = Debug;
		};
		110E7EB2260BB8AA0051D0AE /* Release */ = {
			isa = XCBuildConfiguration;
			buildSettings = {
				ALWAYS_SEARCH_USER_PATHS = NO;
				CLANG_ANALYZER_NONNULL = YES;
				CLANG_ANALYZER_NUMBER_OBJECT_CONVERSION = YES_AGGRESSIVE;
				CLANG_CXX_LANGUAGE_STANDARD = "gnu++14";
				CLANG_CXX_LIBRARY = "libc++";
				CLANG_ENABLE_MODULES = YES;
				CLANG_ENABLE_OBJC_ARC = YES;
				CLANG_ENABLE_OBJC_WEAK = YES;
				CLANG_WARN_BLOCK_CAPTURE_AUTORELEASING = YES;
				CLANG_WARN_BOOL_CONVERSION = YES;
				CLANG_WARN_COMMA = YES;
				CLANG_WARN_CONSTANT_CONVERSION = YES;
				CLANG_WARN_DEPRECATED_OBJC_IMPLEMENTATIONS = YES;
				CLANG_WARN_DIRECT_OBJC_ISA_USAGE = YES_ERROR;
				CLANG_WARN_DOCUMENTATION_COMMENTS = YES;
				CLANG_WARN_EMPTY_BODY = YES;
				CLANG_WARN_ENUM_CONVERSION = YES;
				CLANG_WARN_INFINITE_RECURSION = YES;
				CLANG_WARN_INT_CONVERSION = YES;
				CLANG_WARN_NON_LITERAL_NULL_CONVERSION = YES;
				CLANG_WARN_OBJC_IMPLICIT_RETAIN_SELF = YES;
				CLANG_WARN_OBJC_LITERAL_CONVERSION = YES;
				CLANG_WARN_OBJC_ROOT_CLASS = YES_ERROR;
				CLANG_WARN_QUOTED_INCLUDE_IN_FRAMEWORK_HEADER = YES;
				CLANG_WARN_RANGE_LOOP_ANALYSIS = YES;
				CLANG_WARN_STRICT_PROTOTYPES = YES;
				CLANG_WARN_SUSPICIOUS_MOVE = YES;
				CLANG_WARN_UNGUARDED_AVAILABILITY = YES_AGGRESSIVE;
				CLANG_WARN_UNREACHABLE_CODE = YES;
				CLANG_WARN__DUPLICATE_METHOD_MATCH = YES;
				COPY_PHASE_STRIP = NO;
				DEBUG_INFORMATION_FORMAT = "dwarf-with-dsym";
				ENABLE_NS_ASSERTIONS = NO;
				ENABLE_STRICT_OBJC_MSGSEND = YES;
				GCC_C_LANGUAGE_STANDARD = gnu11;
				GCC_NO_COMMON_BLOCKS = YES;
				GCC_WARN_64_TO_32_BIT_CONVERSION = YES;
				GCC_WARN_ABOUT_RETURN_TYPE = YES_ERROR;
				GCC_WARN_UNDECLARED_SELECTOR = YES;
				GCC_WARN_UNINITIALIZED_AUTOS = YES_AGGRESSIVE;
				GCC_WARN_UNUSED_FUNCTION = YES;
				GCC_WARN_UNUSED_VARIABLE = YES;
				IPHONEOS_DEPLOYMENT_TARGET = 14.4;
				MTL_ENABLE_DEBUG_INFO = NO;
				MTL_FAST_MATH = YES;
				SDKROOT = iphoneos;
				SWIFT_COMPILATION_MODE = wholemodule;
				SWIFT_OPTIMIZATION_LEVEL = "-O";
				VALIDATE_PRODUCT = YES;
			};
			name = Release;
		};
		110E7EB4260BB8AA0051D0AE /* Debug */ = {
			isa = XCBuildConfiguration;
			buildSettings = {
				ALWAYS_EMBED_SWIFT_STANDARD_LIBRARIES = YES;
				ASSETCATALOG_COMPILER_APPICON_NAME = AppIcon;
				ASSETCATALOG_COMPILER_GLOBAL_ACCENT_COLOR_NAME = AccentColor;
				CODE_SIGN_ENTITLEMENTS = CurRates/CurRates.entitlements;
				CODE_SIGN_STYLE = Automatic;
				DEVELOPMENT_ASSET_PATHS = "\"CurRates/Preview Content\"";
				DEVELOPMENT_TEAM = P353H6D448;
				ENABLE_PREVIEWS = YES;
				INFOPLIST_FILE = CurRates/Info.plist;
				IPHONEOS_DEPLOYMENT_TARGET = 14.0;
				LD_RUNPATH_SEARCH_PATHS = (
					"$(inherited)",
					"@executable_path/Frameworks",
				);
				PRODUCT_BUNDLE_IDENTIFIER = maxkalik.com.CurRates;
				PRODUCT_NAME = "$(TARGET_NAME)";
				SWIFT_VERSION = 5.0;
				TARGETED_DEVICE_FAMILY = "1,2";
			};
			name = Debug;
		};
		110E7EB5260BB8AA0051D0AE /* Release */ = {
			isa = XCBuildConfiguration;
			buildSettings = {
				ALWAYS_EMBED_SWIFT_STANDARD_LIBRARIES = YES;
				ASSETCATALOG_COMPILER_APPICON_NAME = AppIcon;
				ASSETCATALOG_COMPILER_GLOBAL_ACCENT_COLOR_NAME = AccentColor;
				CODE_SIGN_ENTITLEMENTS = CurRates/CurRates.entitlements;
				CODE_SIGN_STYLE = Automatic;
				DEVELOPMENT_ASSET_PATHS = "\"CurRates/Preview Content\"";
				DEVELOPMENT_TEAM = P353H6D448;
				ENABLE_PREVIEWS = YES;
				INFOPLIST_FILE = CurRates/Info.plist;
				IPHONEOS_DEPLOYMENT_TARGET = 14.0;
				LD_RUNPATH_SEARCH_PATHS = (
					"$(inherited)",
					"@executable_path/Frameworks",
				);
				PRODUCT_BUNDLE_IDENTIFIER = maxkalik.com.CurRates;
				PRODUCT_NAME = "$(TARGET_NAME)";
				SWIFT_VERSION = 5.0;
				TARGETED_DEVICE_FAMILY = "1,2";
			};
			name = Release;
		};
		1151ACF7261148950088C0DB /* Debug */ = {
			isa = XCBuildConfiguration;
			buildSettings = {
				BUNDLE_LOADER = "$(TEST_HOST)";
				CODE_SIGN_STYLE = Automatic;
				DEVELOPMENT_TEAM = P353H6D448;
				INFOPLIST_FILE = CurRatesTests/Info.plist;
				LD_RUNPATH_SEARCH_PATHS = (
					"$(inherited)",
					"@executable_path/Frameworks",
					"@loader_path/Frameworks",
				);
				PRODUCT_BUNDLE_IDENTIFIER = maxkalik.com.CurRatesTests;
				PRODUCT_NAME = "$(TARGET_NAME)";
				SWIFT_VERSION = 5.0;
				TARGETED_DEVICE_FAMILY = "1,2";
				TEST_HOST = "$(BUILT_PRODUCTS_DIR)/CurRates.app/CurRates";
			};
			name = Debug;
		};
		1151ACF8261148950088C0DB /* Release */ = {
			isa = XCBuildConfiguration;
			buildSettings = {
				BUNDLE_LOADER = "$(TEST_HOST)";
				CODE_SIGN_STYLE = Automatic;
				DEVELOPMENT_TEAM = P353H6D448;
				INFOPLIST_FILE = CurRatesTests/Info.plist;
				LD_RUNPATH_SEARCH_PATHS = (
					"$(inherited)",
					"@executable_path/Frameworks",
					"@loader_path/Frameworks",
				);
				PRODUCT_BUNDLE_IDENTIFIER = maxkalik.com.CurRatesTests;
				PRODUCT_NAME = "$(TARGET_NAME)";
				SWIFT_VERSION = 5.0;
				TARGETED_DEVICE_FAMILY = "1,2";
				TEST_HOST = "$(BUILT_PRODUCTS_DIR)/CurRates.app/CurRates";
			};
			name = Release;
		};
		1151AD0D26115A360088C0DB /* Debug */ = {
			isa = XCBuildConfiguration;
			buildSettings = {
				CODE_SIGN_STYLE = Automatic;
				DEVELOPMENT_TEAM = P353H6D448;
				INFOPLIST_FILE = CurRatesUITests/Info.plist;
				LD_RUNPATH_SEARCH_PATHS = (
					"$(inherited)",
					"@executable_path/Frameworks",
					"@loader_path/Frameworks",
				);
				PRODUCT_BUNDLE_IDENTIFIER = maxkalik.com.CurRatesUITests;
				PRODUCT_NAME = "$(TARGET_NAME)";
				SWIFT_VERSION = 5.0;
				TARGETED_DEVICE_FAMILY = "1,2";
				TEST_TARGET_NAME = CurRates;
			};
			name = Debug;
		};
		1151AD0E26115A360088C0DB /* Release */ = {
			isa = XCBuildConfiguration;
			buildSettings = {
				CODE_SIGN_STYLE = Automatic;
				DEVELOPMENT_TEAM = P353H6D448;
				INFOPLIST_FILE = CurRatesUITests/Info.plist;
				LD_RUNPATH_SEARCH_PATHS = (
					"$(inherited)",
					"@executable_path/Frameworks",
					"@loader_path/Frameworks",
				);
				PRODUCT_BUNDLE_IDENTIFIER = maxkalik.com.CurRatesUITests;
				PRODUCT_NAME = "$(TARGET_NAME)";
				SWIFT_VERSION = 5.0;
				TARGETED_DEVICE_FAMILY = "1,2";
				TEST_TARGET_NAME = CurRates;
			};
			name = Release;
		};
		11B6F0502610D5730059ECA1 /* Debug */ = {
			isa = XCBuildConfiguration;
			buildSettings = {
				ASSETCATALOG_COMPILER_GLOBAL_ACCENT_COLOR_NAME = AccentColor;
				ASSETCATALOG_COMPILER_WIDGET_BACKGROUND_COLOR_NAME = WidgetBackground;
				CODE_SIGN_ENTITLEMENTS = CurRatesWidgetExtension.entitlements;
				CODE_SIGN_STYLE = Automatic;
				DEVELOPMENT_TEAM = P353H6D448;
				INFOPLIST_FILE = CurRatesWidget/Info.plist;
				LD_RUNPATH_SEARCH_PATHS = (
					"$(inherited)",
					"@executable_path/Frameworks",
					"@executable_path/../../Frameworks",
				);
				PRODUCT_BUNDLE_IDENTIFIER = maxkalik.com.CurRates.Widget;
				PRODUCT_NAME = "$(TARGET_NAME)";
				SKIP_INSTALL = YES;
				SWIFT_VERSION = 5.0;
				TARGETED_DEVICE_FAMILY = "1,2";
			};
			name = Debug;
		};
		11B6F0512610D5730059ECA1 /* Release */ = {
			isa = XCBuildConfiguration;
			buildSettings = {
				ASSETCATALOG_COMPILER_GLOBAL_ACCENT_COLOR_NAME = AccentColor;
				ASSETCATALOG_COMPILER_WIDGET_BACKGROUND_COLOR_NAME = WidgetBackground;
				CODE_SIGN_ENTITLEMENTS = CurRatesWidgetExtension.entitlements;
				CODE_SIGN_STYLE = Automatic;
				DEVELOPMENT_TEAM = P353H6D448;
				INFOPLIST_FILE = CurRatesWidget/Info.plist;
				LD_RUNPATH_SEARCH_PATHS = (
					"$(inherited)",
					"@executable_path/Frameworks",
					"@executable_path/../../Frameworks",
				);
				PRODUCT_BUNDLE_IDENTIFIER = maxkalik.com.CurRates.Widget;
				PRODUCT_NAME = "$(TARGET_NAME)";
				SKIP_INSTALL = YES;
				SWIFT_VERSION = 5.0;
				TARGETED_DEVICE_FAMILY = "1,2";
			};
			name = Release;
		};
/* End XCBuildConfiguration section */

/* Begin XCConfigurationList section */
		110E7E9F260BB8A90051D0AE /* Build configuration list for PBXProject "CurRates" */ = {
			isa = XCConfigurationList;
			buildConfigurations = (
				110E7EB1260BB8AA0051D0AE /* Debug */,
				110E7EB2260BB8AA0051D0AE /* Release */,
			);
			defaultConfigurationIsVisible = 0;
			defaultConfigurationName = Release;
		};
		110E7EB3260BB8AA0051D0AE /* Build configuration list for PBXNativeTarget "CurRates" */ = {
			isa = XCConfigurationList;
			buildConfigurations = (
				110E7EB4260BB8AA0051D0AE /* Debug */,
				110E7EB5260BB8AA0051D0AE /* Release */,
			);
			defaultConfigurationIsVisible = 0;
			defaultConfigurationName = Release;
		};
		1151ACF9261148950088C0DB /* Build configuration list for PBXNativeTarget "CurRatesTests" */ = {
			isa = XCConfigurationList;
			buildConfigurations = (
				1151ACF7261148950088C0DB /* Debug */,
				1151ACF8261148950088C0DB /* Release */,
			);
			defaultConfigurationIsVisible = 0;
			defaultConfigurationName = Release;
		};
		1151AD0F26115A360088C0DB /* Build configuration list for PBXNativeTarget "CurRatesUITests" */ = {
			isa = XCConfigurationList;
			buildConfigurations = (
				1151AD0D26115A360088C0DB /* Debug */,
				1151AD0E26115A360088C0DB /* Release */,
			);
			defaultConfigurationIsVisible = 0;
			defaultConfigurationName = Release;
		};
		11B6F04F2610D5730059ECA1 /* Build configuration list for PBXNativeTarget "CurRatesWidgetExtension" */ = {
			isa = XCConfigurationList;
			buildConfigurations = (
				11B6F0502610D5730059ECA1 /* Debug */,
				11B6F0512610D5730059ECA1 /* Release */,
			);
			defaultConfigurationIsVisible = 0;
			defaultConfigurationName = Release;
		};
/* End XCConfigurationList section */
	};
	rootObject = 110E7E9C260BB8A90051D0AE /* Project object */;
}
